// !$*UTF8*$!
{
	archiveVersion = 1;
	classes = {
	};
	objectVersion = 48;
	objects = {

/* Begin PBXBuildFile section */
		7F81D9431EE8D1F400359EFE /* AppDelegate.swift in Sources */ = {isa = PBXBuildFile; fileRef = 7F81D9421EE8D1F400359EFE /* AppDelegate.swift */; };
		7F81D9451EE8D1F400359EFE /* ViewController.swift in Sources */ = {isa = PBXBuildFile; fileRef = 7F81D9441EE8D1F400359EFE /* ViewController.swift */; };
		7F81D9481EE8D1F400359EFE /* Main.storyboard in Resources */ = {isa = PBXBuildFile; fileRef = 7F81D9461EE8D1F400359EFE /* Main.storyboard */; };
		7F81D94A1EE8D1F400359EFE /* Assets.xcassets in Resources */ = {isa = PBXBuildFile; fileRef = 7F81D9491EE8D1F400359EFE /* Assets.xcassets */; };
		7F81D94D1EE8D1F400359EFE /* LaunchScreen.storyboard in Resources */ = {isa = PBXBuildFile; fileRef = 7F81D94B1EE8D1F400359EFE /* LaunchScreen.storyboard */; };
		7F81D9581EE8D1F400359EFE /* TrackingTestUITests.swift in Sources */ = {isa = PBXBuildFile; fileRef = 7F81D9571EE8D1F400359EFE /* TrackingTestUITests.swift */; };
		7F81D9631EE8D1F400359EFE /* TrackingTestUIUITests.swift in Sources */ = {isa = PBXBuildFile; fileRef = 7F81D9621EE8D1F400359EFE /* TrackingTestUIUITests.swift */; };
		7F81D9711EE8DCF300359EFE /* Omniture.swift in Sources */ = {isa = PBXBuildFile; fileRef = 7F81D9701EE8DCF300359EFE /* Omniture.swift */; };
		7F81D9721EE8DD0600359EFE /* Omniture.swift in Sources */ = {isa = PBXBuildFile; fileRef = 7F81D9701EE8DCF300359EFE /* Omniture.swift */; };
/* End PBXBuildFile section */

/* Begin PBXContainerItemProxy section */
		7F81D9541EE8D1F400359EFE /* PBXContainerItemProxy */ = {
			isa = PBXContainerItemProxy;
			containerPortal = 7F81D9371EE8D1F400359EFE /* Project object */;
			proxyType = 1;
			remoteGlobalIDString = 7F81D93E1EE8D1F400359EFE;
			remoteInfo = TrackingTestUI;
		};
		7F81D95F1EE8D1F400359EFE /* PBXContainerItemProxy */ = {
			isa = PBXContainerItemProxy;
			containerPortal = 7F81D9371EE8D1F400359EFE /* Project object */;
			proxyType = 1;
			remoteGlobalIDString = 7F81D93E1EE8D1F400359EFE;
			remoteInfo = TrackingTestUI;
		};
/* End PBXContainerItemProxy section */

/* Begin PBXFileReference section */
		7F81D93F1EE8D1F400359EFE /* TrackingTestUI.app */ = {isa = PBXFileReference; explicitFileType = wrapper.application; includeInIndex = 0; path = TrackingTestUI.app; sourceTree = BUILT_PRODUCTS_DIR; };
		7F81D9421EE8D1F400359EFE /* AppDelegate.swift */ = {isa = PBXFileReference; lastKnownFileType = sourcecode.swift; path = AppDelegate.swift; sourceTree = "<group>"; };
		7F81D9441EE8D1F400359EFE /* ViewController.swift */ = {isa = PBXFileReference; lastKnownFileType = sourcecode.swift; path = ViewController.swift; sourceTree = "<group>"; };
		7F81D9471EE8D1F400359EFE /* Base */ = {isa = PBXFileReference; lastKnownFileType = file.storyboard; name = Base; path = Base.lproj/Main.storyboard; sourceTree = "<group>"; };
		7F81D9491EE8D1F400359EFE /* Assets.xcassets */ = {isa = PBXFileReference; lastKnownFileType = folder.assetcatalog; path = Assets.xcassets; sourceTree = "<group>"; };
		7F81D94C1EE8D1F400359EFE /* Base */ = {isa = PBXFileReference; lastKnownFileType = file.storyboard; name = Base; path = Base.lproj/LaunchScreen.storyboard; sourceTree = "<group>"; };
		7F81D94E1EE8D1F400359EFE /* Info.plist */ = {isa = PBXFileReference; lastKnownFileType = text.plist.xml; path = Info.plist; sourceTree = "<group>"; };
		7F81D9531EE8D1F400359EFE /* TrackingTestUITests.xctest */ = {isa = PBXFileReference; explicitFileType = wrapper.cfbundle; includeInIndex = 0; path = TrackingTestUITests.xctest; sourceTree = BUILT_PRODUCTS_DIR; };
		7F81D9571EE8D1F400359EFE /* TrackingTestUITests.swift */ = {isa = PBXFileReference; lastKnownFileType = sourcecode.swift; path = TrackingTestUITests.swift; sourceTree = "<group>"; };
		7F81D9591EE8D1F400359EFE /* Info.plist */ = {isa = PBXFileReference; lastKnownFileType = text.plist.xml; path = Info.plist; sourceTree = "<group>"; };
		7F81D95E1EE8D1F400359EFE /* TrackingTestUIUITests.xctest */ = {isa = PBXFileReference; explicitFileType = wrapper.cfbundle; includeInIndex = 0; path = TrackingTestUIUITests.xctest; sourceTree = BUILT_PRODUCTS_DIR; };
		7F81D9621EE8D1F400359EFE /* TrackingTestUIUITests.swift */ = {isa = PBXFileReference; lastKnownFileType = sourcecode.swift; path = TrackingTestUIUITests.swift; sourceTree = "<group>"; };
		7F81D9641EE8D1F400359EFE /* Info.plist */ = {isa = PBXFileReference; lastKnownFileType = text.plist.xml; path = Info.plist; sourceTree = "<group>"; };
		7F81D9701EE8DCF300359EFE /* Omniture.swift */ = {isa = PBXFileReference; lastKnownFileType = sourcecode.swift; path = Omniture.swift; sourceTree = "<group>"; };
/* End PBXFileReference section */

/* Begin PBXFrameworksBuildPhase section */
		7F81D93C1EE8D1F400359EFE /* Frameworks */ = {
			isa = PBXFrameworksBuildPhase;
			buildActionMask = 2147483647;
			files = (
			);
			runOnlyForDeploymentPostprocessing = 0;
		};
		7F81D9501EE8D1F400359EFE /* Frameworks */ = {
			isa = PBXFrameworksBuildPhase;
			buildActionMask = 2147483647;
			files = (
			);
			runOnlyForDeploymentPostprocessing = 0;
		};
		7F81D95B1EE8D1F400359EFE /* Frameworks */ = {
			isa = PBXFrameworksBuildPhase;
			buildActionMask = 2147483647;
			files = (
			);
			runOnlyForDeploymentPostprocessing = 0;
		};
/* End PBXFrameworksBuildPhase section */

/* Begin PBXGroup section */
		7F81D9361EE8D1F400359EFE = {
			isa = PBXGroup;
			children = (
				7F81D9411EE8D1F400359EFE /* TrackingTestUI */,
				7F81D9561EE8D1F400359EFE /* TrackingTestUITests */,
				7F81D9611EE8D1F400359EFE /* TrackingTestUIUITests */,
				7F81D9401EE8D1F400359EFE /* Products */,
			);
			sourceTree = "<group>";
		};
		7F81D9401EE8D1F400359EFE /* Products */ = {
			isa = PBXGroup;
			children = (
				7F81D93F1EE8D1F400359EFE /* TrackingTestUI.app */,
				7F81D9531EE8D1F400359EFE /* TrackingTestUITests.xctest */,
				7F81D95E1EE8D1F400359EFE /* TrackingTestUIUITests.xctest */,
			);
			name = Products;
			sourceTree = "<group>";
		};
		7F81D9411EE8D1F400359EFE /* TrackingTestUI */ = {
			isa = PBXGroup;
			children = (
				7F81D9421EE8D1F400359EFE /* AppDelegate.swift */,
				7F81D9441EE8D1F400359EFE /* ViewController.swift */,
				7F81D9701EE8DCF300359EFE /* Omniture.swift */,
				7F81D9461EE8D1F400359EFE /* Main.storyboard */,
				7F81D9491EE8D1F400359EFE /* Assets.xcassets */,
				7F81D94B1EE8D1F400359EFE /* LaunchScreen.storyboard */,
				7F81D94E1EE8D1F400359EFE /* Info.plist */,
			);
			path = TrackingTestUI;
			sourceTree = "<group>";
		};
		7F81D9561EE8D1F400359EFE /* TrackingTestUITests */ = {
			isa = PBXGroup;
			children = (
				7F81D9571EE8D1F400359EFE /* TrackingTestUITests.swift */,
				7F81D9591EE8D1F400359EFE /* Info.plist */,
			);
			path = TrackingTestUITests;
			sourceTree = "<group>";
		};
		7F81D9611EE8D1F400359EFE /* TrackingTestUIUITests */ = {
			isa = PBXGroup;
			children = (
				7F81D9621EE8D1F400359EFE /* TrackingTestUIUITests.swift */,
				7F81D9641EE8D1F400359EFE /* Info.plist */,
			);
			path = TrackingTestUIUITests;
			sourceTree = "<group>";
		};
/* End PBXGroup section */

/* Begin PBXNativeTarget section */
		7F81D93E1EE8D1F400359EFE /* TrackingTestUI */ = {
			isa = PBXNativeTarget;
			buildConfigurationList = 7F81D9671EE8D1F400359EFE /* Build configuration list for PBXNativeTarget "TrackingTestUI" */;
			buildPhases = (
				7F81D93B1EE8D1F400359EFE /* Sources */,
				7F81D93C1EE8D1F400359EFE /* Frameworks */,
				7F81D93D1EE8D1F400359EFE /* Resources */,
			);
			buildRules = (
			);
			dependencies = (
			);
			name = TrackingTestUI;
			productName = TrackingTestUI;
			productReference = 7F81D93F1EE8D1F400359EFE /* TrackingTestUI.app */;
			productType = "com.apple.product-type.application";
		};
		7F81D9521EE8D1F400359EFE /* TrackingTestUITests */ = {
			isa = PBXNativeTarget;
			buildConfigurationList = 7F81D96A1EE8D1F400359EFE /* Build configuration list for PBXNativeTarget "TrackingTestUITests" */;
			buildPhases = (
				7F81D94F1EE8D1F400359EFE /* Sources */,
				7F81D9501EE8D1F400359EFE /* Frameworks */,
				7F81D9511EE8D1F400359EFE /* Resources */,
			);
			buildRules = (
			);
			dependencies = (
				7F81D9551EE8D1F400359EFE /* PBXTargetDependency */,
			);
			name = TrackingTestUITests;
			productName = TrackingTestUITests;
			productReference = 7F81D9531EE8D1F400359EFE /* TrackingTestUITests.xctest */;
			productType = "com.apple.product-type.bundle.unit-test";
		};
		7F81D95D1EE8D1F400359EFE /* TrackingTestUIUITests */ = {
			isa = PBXNativeTarget;
			buildConfigurationList = 7F81D96D1EE8D1F400359EFE /* Build configuration list for PBXNativeTarget "TrackingTestUIUITests" */;
			buildPhases = (
				7F81D95A1EE8D1F400359EFE /* Sources */,
				7F81D95B1EE8D1F400359EFE /* Frameworks */,
				7F81D95C1EE8D1F400359EFE /* Resources */,
			);
			buildRules = (
			);
			dependencies = (
				7F81D9601EE8D1F400359EFE /* PBXTargetDependency */,
			);
			name = TrackingTestUIUITests;
			productName = TrackingTestUIUITests;
			productReference = 7F81D95E1EE8D1F400359EFE /* TrackingTestUIUITests.xctest */;
			productType = "com.apple.product-type.bundle.ui-testing";
		};
/* End PBXNativeTarget section */

/* Begin PBXProject section */
		7F81D9371EE8D1F400359EFE /* Project object */ = {
			isa = PBXProject;
			attributes = {
				LastSwiftUpdateCheck = 0900;
				LastUpgradeCheck = 0900;
				ORGANIZATIONNAME = "Derrick Ho";
				TargetAttributes = {
					7F81D93E1EE8D1F400359EFE = {
						CreatedOnToolsVersion = 9.0;
					};
					7F81D9521EE8D1F400359EFE = {
						CreatedOnToolsVersion = 9.0;
						TestTargetID = 7F81D93E1EE8D1F400359EFE;
					};
					7F81D95D1EE8D1F400359EFE = {
						CreatedOnToolsVersion = 9.0;
						TestTargetID = 7F81D93E1EE8D1F400359EFE;
					};
				};
			};
			buildConfigurationList = 7F81D93A1EE8D1F400359EFE /* Build configuration list for PBXProject "TrackingTestUI" */;
			compatibilityVersion = "Xcode 8.0";
			developmentRegion = en;
			hasScannedForEncodings = 0;
			knownRegions = (
				en,
				Base,
			);
			mainGroup = 7F81D9361EE8D1F400359EFE;
			productRefGroup = 7F81D9401EE8D1F400359EFE /* Products */;
			projectDirPath = "";
			projectRoot = "";
			targets = (
				7F81D93E1EE8D1F400359EFE /* TrackingTestUI */,
				7F81D9521EE8D1F400359EFE /* TrackingTestUITests */,
				7F81D95D1EE8D1F400359EFE /* TrackingTestUIUITests */,
			);
		};
/* End PBXProject section */

/* Begin PBXResourcesBuildPhase section */
		7F81D93D1EE8D1F400359EFE /* Resources */ = {
			isa = PBXResourcesBuildPhase;
			buildActionMask = 2147483647;
			files = (
				7F81D94D1EE8D1F400359EFE /* LaunchScreen.storyboard in Resources */,
				7F81D94A1EE8D1F400359EFE /* Assets.xcassets in Resources */,
				7F81D9481EE8D1F400359EFE /* Main.storyboard in Resources */,
			);
			runOnlyForDeploymentPostprocessing = 0;
		};
		7F81D9511EE8D1F400359EFE /* Resources */ = {
			isa = PBXResourcesBuildPhase;
			buildActionMask = 2147483647;
			files = (
			);
			runOnlyForDeploymentPostprocessing = 0;
		};
		7F81D95C1EE8D1F400359EFE /* Resources */ = {
			isa = PBXResourcesBuildPhase;
			buildActionMask = 2147483647;
			files = (
			);
			runOnlyForDeploymentPostprocessing = 0;
		};
/* End PBXResourcesBuildPhase section */

/* Begin PBXSourcesBuildPhase section */
		7F81D93B1EE8D1F400359EFE /* Sources */ = {
			isa = PBXSourcesBuildPhase;
			buildActionMask = 2147483647;
			files = (
				7F81D9711EE8DCF300359EFE /* Omniture.swift in Sources */,
				7F81D9451EE8D1F400359EFE /* ViewController.swift in Sources */,
				7F81D9431EE8D1F400359EFE /* AppDelegate.swift in Sources */,
			);
			runOnlyForDeploymentPostprocessing = 0;
		};
		7F81D94F1EE8D1F400359EFE /* Sources */ = {
			isa = PBXSourcesBuildPhase;
			buildActionMask = 2147483647;
			files = (
				7F81D9581EE8D1F400359EFE /* TrackingTestUITests.swift in Sources */,
			);
			runOnlyForDeploymentPostprocessing = 0;
		};
		7F81D95A1EE8D1F400359EFE /* Sources */ = {
			isa = PBXSourcesBuildPhase;
			buildActionMask = 2147483647;
			files = (
				7F81D9721EE8DD0600359EFE /* Omniture.swift in Sources */,
				7F81D9631EE8D1F400359EFE /* TrackingTestUIUITests.swift in Sources */,
			);
			runOnlyForDeploymentPostprocessing = 0;
		};
/* End PBXSourcesBuildPhase section */

/* Begin PBXTargetDependency section */
		7F81D9551EE8D1F400359EFE /* PBXTargetDependency */ = {
			isa = PBXTargetDependency;
			target = 7F81D93E1EE8D1F400359EFE /* TrackingTestUI */;
			targetProxy = 7F81D9541EE8D1F400359EFE /* PBXContainerItemProxy */;
		};
		7F81D9601EE8D1F400359EFE /* PBXTargetDependency */ = {
			isa = PBXTargetDependency;
			target = 7F81D93E1EE8D1F400359EFE /* TrackingTestUI */;
			targetProxy = 7F81D95F1EE8D1F400359EFE /* PBXContainerItemProxy */;
		};
/* End PBXTargetDependency section */

/* Begin PBXVariantGroup section */
		7F81D9461EE8D1F400359EFE /* Main.storyboard */ = {
			isa = PBXVariantGroup;
			children = (
				7F81D9471EE8D1F400359EFE /* Base */,
			);
			name = Main.storyboard;
			sourceTree = "<group>";
		};
		7F81D94B1EE8D1F400359EFE /* LaunchScreen.storyboard */ = {
			isa = PBXVariantGroup;
			children = (
				7F81D94C1EE8D1F400359EFE /* Base */,
			);
			name = LaunchScreen.storyboard;
			sourceTree = "<group>";
		};
/* End PBXVariantGroup section */

/* Begin XCBuildConfiguration section */
		7F81D9651EE8D1F400359EFE /* Debug */ = {
			isa = XCBuildConfiguration;
			buildSettings = {
				ALWAYS_SEARCH_USER_PATHS = NO;
				CLANG_ANALYZER_NONNULL = YES;
				CLANG_ANALYZER_NUMBER_OBJECT_CONVERSION = YES_AGGRESSIVE;
				CLANG_CXX_LANGUAGE_STANDARD = "gnu++14";
				CLANG_CXX_LIBRARY = "libc++";
				CLANG_ENABLE_MODULES = YES;
				CLANG_ENABLE_OBJC_ARC = YES;
				CLANG_WARN_BLOCK_CAPTURE_AUTORELEASING = YES;
				CLANG_WARN_BOOL_CONVERSION = YES;
				CLANG_WARN_COMMA = YES;
				CLANG_WARN_CONSTANT_CONVERSION = YES;
				CLANG_WARN_DIRECT_OBJC_ISA_USAGE = YES_ERROR;
				CLANG_WARN_DOCUMENTATION_COMMENTS = YES;
				CLANG_WARN_EMPTY_BODY = YES;
				CLANG_WARN_ENUM_CONVERSION = YES;
				CLANG_WARN_INFINITE_RECURSION = YES;
				CLANG_WARN_INT_CONVERSION = YES;
				CLANG_WARN_OBJC_ROOT_CLASS = YES_ERROR;
				CLANG_WARN_RANGE_LOOP_ANALYSIS = YES;
				CLANG_WARN_STRICT_PROTOTYPES = YES;
				CLANG_WARN_SUSPICIOUS_MOVE = YES;
				CLANG_WARN_UNGUARDED_AVAILABILITY = YES_AGGRESSIVE;
				CLANG_WARN_UNREACHABLE_CODE = YES;
				CLANG_WARN__DUPLICATE_METHOD_MATCH = YES;
				CODE_SIGN_IDENTITY = "iPhone Developer";
				COPY_PHASE_STRIP = NO;
				DEBUG_INFORMATION_FORMAT = dwarf;
				ENABLE_STRICT_OBJC_MSGSEND = YES;
				ENABLE_TESTABILITY = YES;
				GCC_C_LANGUAGE_STANDARD = gnu11;
				GCC_DYNAMIC_NO_PIC = NO;
				GCC_NO_COMMON_BLOCKS = YES;
				GCC_OPTIMIZATION_LEVEL = 0;
				GCC_PREPROCESSOR_DEFINITIONS = (
					"DEBUG=1",
					"$(inherited)",
				);
				GCC_WARN_64_TO_32_BIT_CONVERSION = YES;
				GCC_WARN_ABOUT_RETURN_TYPE = YES_ERROR;
				GCC_WARN_UNDECLARED_SELECTOR = YES;
				GCC_WARN_UNINITIALIZED_AUTOS = YES_AGGRESSIVE;
				GCC_WARN_UNUSED_FUNCTION = YES;
				GCC_WARN_UNUSED_VARIABLE = YES;
				IPHONEOS_DEPLOYMENT_TARGET = 11.0;
				MTL_ENABLE_DEBUG_INFO = YES;
				ONLY_ACTIVE_ARCH = YES;
				SDKROOT = iphoneos;
				SWIFT_ACTIVE_COMPILATION_CONDITIONS = DEBUG;
				SWIFT_OPTIMIZATION_LEVEL = "-Onone";
			};
			name = Debug;
		};
		7F81D9661EE8D1F400359EFE /* Release */ = {
			isa = XCBuildConfiguration;
			buildSettings = {
				ALWAYS_SEARCH_USER_PATHS = NO;
				CLANG_ANALYZER_NONNULL = YES;
				CLANG_ANALYZER_NUMBER_OBJECT_CONVERSION = YES_AGGRESSIVE;
				CLANG_CXX_LANGUAGE_STANDARD = "gnu++14";
				CLANG_CXX_LIBRARY = "libc++";
				CLANG_ENABLE_MODULES = YES;
				CLANG_ENABLE_OBJC_ARC = YES;
				CLANG_WARN_BLOCK_CAPTURE_AUTORELEASING = YES;
				CLANG_WARN_BOOL_CONVERSION = YES;
				CLANG_WARN_COMMA = YES;
				CLANG_WARN_CONSTANT_CONVERSION = YES;
				CLANG_WARN_DIRECT_OBJC_ISA_USAGE = YES_ERROR;
				CLANG_WARN_DOCUMENTATION_COMMENTS = YES;
				CLANG_WARN_EMPTY_BODY = YES;
				CLANG_WARN_ENUM_CONVERSION = YES;
				CLANG_WARN_INFINITE_RECURSION = YES;
				CLANG_WARN_INT_CONVERSION = YES;
				CLANG_WARN_OBJC_ROOT_CLASS = YES_ERROR;
				CLANG_WARN_RANGE_LOOP_ANALYSIS = YES;
				CLANG_WARN_STRICT_PROTOTYPES = YES;
				CLANG_WARN_SUSPICIOUS_MOVE = YES;
				CLANG_WARN_UNGUARDED_AVAILABILITY = YES_AGGRESSIVE;
				CLANG_WARN_UNREACHABLE_CODE = YES;
				CLANG_WARN__DUPLICATE_METHOD_MATCH = YES;
				CODE_SIGN_IDENTITY = "iPhone Developer";
				COPY_PHASE_STRIP = NO;
				DEBUG_INFORMATION_FORMAT = "dwarf-with-dsym";
				ENABLE_NS_ASSERTIONS = NO;
				ENABLE_STRICT_OBJC_MSGSEND = YES;
				GCC_C_LANGUAGE_STANDARD = gnu11;
				GCC_NO_COMMON_BLOCKS = YES;
				GCC_WARN_64_TO_32_BIT_CONVERSION = YES;
				GCC_WARN_ABOUT_RETURN_TYPE = YES_ERROR;
				GCC_WARN_UNDECLARED_SELECTOR = YES;
				GCC_WARN_UNINITIALIZED_AUTOS = YES_AGGRESSIVE;
				GCC_WARN_UNUSED_FUNCTION = YES;
				GCC_WARN_UNUSED_VARIABLE = YES;
				IPHONEOS_DEPLOYMENT_TARGET = 11.0;
				MTL_ENABLE_DEBUG_INFO = NO;
				SDKROOT = iphoneos;
				SWIFT_OPTIMIZATION_LEVEL = "-Owholemodule";
				VALIDATE_PRODUCT = YES;
			};
			name = Release;
		};
		7F81D9681EE8D1F400359EFE /* Debug */ = {
			isa = XCBuildConfiguration;
			buildSettings = {
				ASSETCATALOG_COMPILER_APPICON_NAME = AppIcon;
				INFOPLIST_FILE = TrackingTestUI/Info.plist;
				LD_RUNPATH_SEARCH_PATHS = "$(inherited) @executable_path/Frameworks";
				PRODUCT_BUNDLE_IDENTIFIER = com.dnthome.TrackingTestUI;
				PRODUCT_NAME = "$(TARGET_NAME)";
				SWIFT_VERSION = 4.0;
				TARGETED_DEVICE_FAMILY = "1,2";
			};
			name = Debug;
		};
		7F81D9691EE8D1F400359EFE /* Release */ = {
			isa = XCBuildConfiguration;
			buildSettings = {
				ASSETCATALOG_COMPILER_APPICON_NAME = AppIcon;
				INFOPLIST_FILE = TrackingTestUI/Info.plist;
				LD_RUNPATH_SEARCH_PATHS = "$(inherited) @executable_path/Frameworks";
				PRODUCT_BUNDLE_IDENTIFIER = com.dnthome.TrackingTestUI;
				PRODUCT_NAME = "$(TARGET_NAME)";
				SWIFT_VERSION = 4.0;
				TARGETED_DEVICE_FAMILY = "1,2";
			};
			name = Release;
		};
		7F81D96B1EE8D1F400359EFE /* Debug */ = {
			isa = XCBuildConfiguration;
			buildSettings = {
				ALWAYS_EMBED_SWIFT_STANDARD_LIBRARIES = YES;
				BUNDLE_LOADER = "$(TEST_HOST)";
				INFOPLIST_FILE = TrackingTestUITests/Info.plist;
				LD_RUNPATH_SEARCH_PATHS = "$(inherited) @executable_path/Frameworks @loader_path/Frameworks";
				PRODUCT_BUNDLE_IDENTIFIER = com.dnthome.TrackingTestUITests;
				PRODUCT_NAME = "$(TARGET_NAME)";
				SWIFT_VERSION = 4.0;
				TARGETED_DEVICE_FAMILY = "1,2";
				TEST_HOST = "$(BUILT_PRODUCTS_DIR)/TrackingTestUI.app/TrackingTestUI";
			};
			name = Debug;
		};
		7F81D96C1EE8D1F400359EFE /* Release */ = {
			isa = XCBuildConfiguration;
			buildSettings = {
				ALWAYS_EMBED_SWIFT_STANDARD_LIBRARIES = YES;
				BUNDLE_LOADER = "$(TEST_HOST)";
				INFOPLIST_FILE = TrackingTestUITests/Info.plist;
				LD_RUNPATH_SEARCH_PATHS = "$(inherited) @executable_path/Frameworks @loader_path/Frameworks";
				PRODUCT_BUNDLE_IDENTIFIER = com.dnthome.TrackingTestUITests;
				PRODUCT_NAME = "$(TARGET_NAME)";
				SWIFT_VERSION = 4.0;
				TARGETED_DEVICE_FAMILY = "1,2";
				TEST_HOST = "$(BUILT_PRODUCTS_DIR)/TrackingTestUI.app/TrackingTestUI";
			};
			name = Release;
		};
		7F81D96E1EE8D1F400359EFE /* Debug */ = {
			isa = XCBuildConfiguration;
			buildSettings = {
				ALWAYS_EMBED_SWIFT_STANDARD_LIBRARIES = YES;
				INFOPLIST_FILE = TrackingTestUIUITests/Info.plist;
				LD_RUNPATH_SEARCH_PATHS = "$(inherited) @executable_path/Frameworks @loader_path/Frameworks";
				PRODUCT_BUNDLE_IDENTIFIER = com.dnthome.TrackingTestUIUITests;
				PRODUCT_NAME = "$(TARGET_NAME)";
				SWIFT_VERSION = 4.0;
				TARGETED_DEVICE_FAMILY = "1,2";
				TEST_TARGET_NAME = TrackingTestUI;
			};
			name = Debug;
		};
		7F81D96F1EE8D1F400359EFE /* Release */ = {
			isa = XCBuildConfiguration;
			buildSettings = {
				ALWAYS_EMBED_SWIFT_STANDARD_LIBRARIES = YES;
				INFOPLIST_FILE = TrackingTestUIUITests/Info.plist;
				LD_RUNPATH_SEARCH_PATHS = "$(inherited) @executable_path/Frameworks @loader_path/Frameworks";
				PRODUCT_BUNDLE_IDENTIFIER = com.dnthome.TrackingTestUIUITests;
				PRODUCT_NAME = "$(TARGET_NAME)";
				SWIFT_VERSION = 4.0;
				TARGETED_DEVICE_FAMILY = "1,2";
				TEST_TARGET_NAME = TrackingTestUI;
			};
			name = Release;
		};
/* End XCBuildConfiguration section */

/* Begin XCConfigurationList section */
		7F81D93A1EE8D1F400359EFE /* Build configuration list for PBXProject "TrackingTestUI" */ = {
			isa = XCConfigurationList;
			buildConfigurations = (
				7F81D9651EE8D1F400359EFE /* Debug */,
				7F81D9661EE8D1F400359EFE /* Release */,
			);
			defaultConfigurationIsVisible = 0;
			defaultConfigurationName = Release;
		};
		7F81D9671EE8D1F400359EFE /* Build configuration list for PBXNativeTarget "TrackingTestUI" */ = {
			isa = XCConfigurationList;
			buildConfigurations = (
				7F81D9681EE8D1F400359EFE /* Debug */,
				7F81D9691EE8D1F400359EFE /* Release */,
			);
			defaultConfigurationIsVisible = 0;
		};
		7F81D96A1EE8D1F400359EFE /* Build configuration list for PBXNativeTarget "TrackingTestUITests" */ = {
			isa = XCConfigurationList;
			buildConfigurations = (
				7F81D96B1EE8D1F400359EFE /* Debug */,
				7F81D96C1EE8D1F400359EFE /* Release */,
			);
			defaultConfigurationIsVisible = 0;
		};
		7F81D96D1EE8D1F400359EFE /* Build configuration list for PBXNativeTarget "TrackingTestUIUITests" */ = {
			isa = XCConfigurationList;
			buildConfigurations = (
				7F81D96E1EE8D1F400359EFE /* Debug */,
				7F81D96F1EE8D1F400359EFE /* Release */,
			);
			defaultConfigurationIsVisible = 0;
		};
/* End XCConfigurationList section */
	};
	rootObject = 7F81D9371EE8D1F400359EFE /* Project object */;
}
